
Microsoft Visual Studio Solution File, Format Version 12.00
# Visual Studio Version 17
VisualStudioVersion = 17.5.33424.131
MinimumVisualStudioVersion = 10.0.40219.1
Project("{FAE04EC0-301F-11D3-BF4B-00C04F79EFBC}") = "tudong", "tudong\tudong.csproj", "{7D5737E8-E625-4A0B-AEBC-717CDCD12345}"
EndProject
Global
	GlobalSection(SolutionConfigurationPlatforms) = preSolution
		Debug|Any CPU = Debug|Any CPU
		Release|Any CPU = Release|Any CPU
	EndGlobalSection
	GlobalSection(ProjectConfigurationPlatforms) = postSolution
		{7D5737E8-E625-4A0B-AEBC-717CDCD12345}.Debug|Any CPU.ActiveCfg = Debug|Any CPU
		{7D5737E8-E625-4A0B-AEBC-717CDCD12345}.Debug|Any CPU.Build.0 = Debug|Any CPU
		{7D5737E8-E625-4A0B-AEBC-717CDCD12345}.Release|Any CPU.ActiveCfg = Release|Any CPU
		{7D5737E8-E625-4A0B-AEBC-717CDCD12345}.Release|Any CPU.Build.0 = Release|Any CPU
	EndGlobalSection
	GlobalSection(SolutionProperties) = preSolution
		HideSolutionNode = FALSE
	EndGlobalSection
	GlobalSection(ExtensibilityGlobals) = postSolution
		SolutionGuid = {CA8A54DC-63EB-499D-98DE-A7C89BA66775}
	EndGlobalSection
EndGlobal
